
Microsoft Visual Studio Solution File, Format Version 12.00
# Visual Studio Version 17
VisualStudioVersion = 17.7.34031.279
MinimumVisualStudioVersion = 10.0.40219.1
Project("{FAE04EC0-301F-11D3-BF4B-00C04F79EFBC}") = "WebApplication1", "WebApplication1\WebApplication1.csproj", "{F826B982-3687-4FFD-A9C7-1F3A8E4784DB}"
EndProject
Global
	GlobalSection(SolutionConfigurationPlatforms) = preSolution
		Debug|Any CPU = Debug|Any CPU
		Release|Any CPU = Release|Any CPU
	EndGlobalSection
	GlobalSection(ProjectConfigurationPlatforms) = postSolution
		{F826B982-3687-4FFD-A9C7-1F3A8E4784DB}.Debug|Any CPU.ActiveCfg = Debug|Any CPU
		{F826B982-3687-4FFD-A9C7-1F3A8E4784DB}.Debug|Any CPU.Build.0 = Debug|Any CPU
		{F826B982-3687-4FFD-A9C7-1F3A8E4784DB}.Release|Any CPU.ActiveCfg = Release|Any CPU
		{F826B982-3687-4FFD-A9C7-1F3A8E4784DB}.Release|Any CPU.Build.0 = Release|Any CPU
	EndGlobalSection
	GlobalSection(SolutionProperties) = preSolution
		HideSolutionNode = FALSE
	EndGlobalSection
	GlobalSection(ExtensibilityGlobals) = postSolution
		SolutionGuid = {B34EFB79-FF8E-4861-96DF-B8019DF93821}
	EndGlobalSection
EndGlobal
