
Microsoft Visual Studio Solution File, Format Version 12.00
# Visual Studio Version 17
VisualStudioVersion = 17.7.34031.279
MinimumVisualStudioVersion = 10.0.40219.1
Project("{9A19103F-16F7-4668-BE54-9A1E7A4F7556}") = "WebApp", "WebApplication1\WebApp.csproj", "{F826B982-3687-4FFD-A9C7-1F3A8E4784DB}"
EndProject
Project("{9A19103F-16F7-4668-BE54-9A1E7A4F7556}") = "DataAccessLayer", "DataAccessLayer\DataAccessLayer.csproj", "{0E7B0DD6-AABE-4156-8516-2F557640CC8E}"
EndProject
Project("{2150E333-8FDC-42A3-9474-1A3956D46DE8}") = "Solution Items", "Solution Items", "{991F9F2F-0E88-450A-A63F-6B588CCAA682}"
	ProjectSection(SolutionItems) = preProject
		Directory.Build.props = Directory.Build.props
	EndProjectSection
EndProject
Project("{FAE04EC0-301F-11D3-BF4B-00C04F79EFBC}") = "AdminWebApp", "AdminWebApp\AdminWebApp.csproj", "{867D2F83-D38F-4D41-BFBE-79D0B4E45268}"
EndProject
Global
	GlobalSection(SolutionConfigurationPlatforms) = preSolution
		Debug|Any CPU = Debug|Any CPU
		Release|Any CPU = Release|Any CPU
	EndGlobalSection
	GlobalSection(ProjectConfigurationPlatforms) = postSolution
		{F826B982-3687-4FFD-A9C7-1F3A8E4784DB}.Debug|Any CPU.ActiveCfg = Debug|Any CPU
		{F826B982-3687-4FFD-A9C7-1F3A8E4784DB}.Debug|Any CPU.Build.0 = Debug|Any CPU
		{F826B982-3687-4FFD-A9C7-1F3A8E4784DB}.Release|Any CPU.ActiveCfg = Release|Any CPU
		{F826B982-3687-4FFD-A9C7-1F3A8E4784DB}.Release|Any CPU.Build.0 = Release|Any CPU
		{0E7B0DD6-AABE-4156-8516-2F557640CC8E}.Debug|Any CPU.ActiveCfg = Debug|Any CPU
		{0E7B0DD6-AABE-4156-8516-2F557640CC8E}.Debug|Any CPU.Build.0 = Debug|Any CPU
		{0E7B0DD6-AABE-4156-8516-2F557640CC8E}.Release|Any CPU.ActiveCfg = Release|Any CPU
		{0E7B0DD6-AABE-4156-8516-2F557640CC8E}.Release|Any CPU.Build.0 = Release|Any CPU
		{867D2F83-D38F-4D41-BFBE-79D0B4E45268}.Debug|Any CPU.ActiveCfg = Debug|Any CPU
		{867D2F83-D38F-4D41-BFBE-79D0B4E45268}.Debug|Any CPU.Build.0 = Debug|Any CPU
		{867D2F83-D38F-4D41-BFBE-79D0B4E45268}.Release|Any CPU.ActiveCfg = Release|Any CPU
		{867D2F83-D38F-4D41-BFBE-79D0B4E45268}.Release|Any CPU.Build.0 = Release|Any CPU
	EndGlobalSection
	GlobalSection(SolutionProperties) = preSolution
		HideSolutionNode = FALSE
	EndGlobalSection
	GlobalSection(ExtensibilityGlobals) = postSolution
		SolutionGuid = {B34EFB79-FF8E-4861-96DF-B8019DF93821}
	EndGlobalSection
EndGlobal
