
Microsoft Visual Studio Solution File, Format Version 12.00
# Visual Studio Version 16
VisualStudioVersion = 16.0.30011.22
MinimumVisualStudioVersion = 10.0.40219.1
Project("{9A19103F-16F7-4668-BE54-9A1E7A4F7556}") = "CoreConsoleApp", "CoreConsoleApp\CoreConsoleApp.csproj", "{6ED9E163-59AC-44D0-B97A-01A36285677A}"
EndProject
Project("{FAE04EC0-301F-11D3-BF4B-00C04F79EFBC}") = "ClassLibraryNoNullability", "ClassLibraryNoNullability\ClassLibraryNoNullability.csproj", "{79DBDFD1-D2E0-44E4-A048-D729705C3B05}"
EndProject
Global
	GlobalSection(SolutionConfigurationPlatforms) = preSolution
		Debug|Any CPU = Debug|Any CPU
		Release|Any CPU = Release|Any CPU
	EndGlobalSection
	GlobalSection(ProjectConfigurationPlatforms) = postSolution
		{6ED9E163-59AC-44D0-B97A-01A36285677A}.Debug|Any CPU.ActiveCfg = Debug|Any CPU
		{6ED9E163-59AC-44D0-B97A-01A36285677A}.Debug|Any CPU.Build.0 = Debug|Any CPU
		{6ED9E163-59AC-44D0-B97A-01A36285677A}.Release|Any CPU.ActiveCfg = Release|Any CPU
		{6ED9E163-59AC-44D0-B97A-01A36285677A}.Release|Any CPU.Build.0 = Release|Any CPU
		{79DBDFD1-D2E0-44E4-A048-D729705C3B05}.Debug|Any CPU.ActiveCfg = Debug|Any CPU
		{79DBDFD1-D2E0-44E4-A048-D729705C3B05}.Debug|Any CPU.Build.0 = Debug|Any CPU
		{79DBDFD1-D2E0-44E4-A048-D729705C3B05}.Release|Any CPU.ActiveCfg = Release|Any CPU
		{79DBDFD1-D2E0-44E4-A048-D729705C3B05}.Release|Any CPU.Build.0 = Release|Any CPU
	EndGlobalSection
	GlobalSection(SolutionProperties) = preSolution
		HideSolutionNode = FALSE
	EndGlobalSection
	GlobalSection(ExtensibilityGlobals) = postSolution
		SolutionGuid = {B68844FB-3777-4FD0-BBB1-133AC33A9F57}
	EndGlobalSection
EndGlobal
